// !$*UTF8*$!
{
	archiveVersion = 1;
	classes = {
	};
	objectVersion = 46;
	objects = {

/* Begin PBXBuildFile section */
		AE3D7A4D185B4CAB00637E4C /* Foundation.framework in Frameworks */ = {isa = PBXBuildFile; fileRef = AE3D7A4C185B4CAB00637E4C /* Foundation.framework */; };
		AE3D7A4F185B4CAB00637E4C /* CoreGraphics.framework in Frameworks */ = {isa = PBXBuildFile; fileRef = AE3D7A4E185B4CAB00637E4C /* CoreGraphics.framework */; };
		AE3D7A51185B4CAB00637E4C /* UIKit.framework in Frameworks */ = {isa = PBXBuildFile; fileRef = AE3D7A50185B4CAB00637E4C /* UIKit.framework */; };
		AE3D7A57185B4CAB00637E4C /* InfoPlist.strings in Resources */ = {isa = PBXBuildFile; fileRef = AE3D7A55185B4CAB00637E4C /* InfoPlist.strings */; };
		AE3D7A59185B4CAB00637E4C /* main.m in Sources */ = {isa = PBXBuildFile; fileRef = AE3D7A58185B4CAB00637E4C /* main.m */; };
		AE3D7A5D185B4CAB00637E4C /* TSWAppDelegate.m in Sources */ = {isa = PBXBuildFile; fileRef = AE3D7A5C185B4CAB00637E4C /* TSWAppDelegate.m */; };
		AE3D7A60185B4CAB00637E4C /* Main.storyboard in Resources */ = {isa = PBXBuildFile; fileRef = AE3D7A5E185B4CAB00637E4C /* Main.storyboard */; };
		AE3D7A63185B4CAB00637E4C /* TSWViewController.m in Sources */ = {isa = PBXBuildFile; fileRef = AE3D7A62185B4CAB00637E4C /* TSWViewController.m */; };
		AE3D7A65185B4CAB00637E4C /* Images.xcassets in Resources */ = {isa = PBXBuildFile; fileRef = AE3D7A64185B4CAB00637E4C /* Images.xcassets */; };
		AE3D7A6C185B4CAB00637E4C /* XCTest.framework in Frameworks */ = {isa = PBXBuildFile; fileRef = AE3D7A6B185B4CAB00637E4C /* XCTest.framework */; };
		AE3D7A6D185B4CAB00637E4C /* Foundation.framework in Frameworks */ = {isa = PBXBuildFile; fileRef = AE3D7A4C185B4CAB00637E4C /* Foundation.framework */; };
		AE3D7A6E185B4CAB00637E4C /* UIKit.framework in Frameworks */ = {isa = PBXBuildFile; fileRef = AE3D7A50185B4CAB00637E4C /* UIKit.framework */; };
		AE3D7A76185B4CAB00637E4C /* InfoPlist.strings in Resources */ = {isa = PBXBuildFile; fileRef = AE3D7A74185B4CAB00637E4C /* InfoPlist.strings */; };
		AE3D7A78185B4CAB00637E4C /* TableDemoTests.m in Sources */ = {isa = PBXBuildFile; fileRef = AE3D7A77185B4CAB00637E4C /* TableDemoTests.m */; };
/* End PBXBuildFile section */

/* Begin PBXContainerItemProxy section */
		AE3D7A6F185B4CAB00637E4C /* PBXContainerItemProxy */ = {
			isa = PBXContainerItemProxy;
			containerPortal = AE3D7A41185B4CAB00637E4C /* Project object */;
			proxyType = 1;
			remoteGlobalIDString = AE3D7A48185B4CAB00637E4C;
			remoteInfo = TableDemo;
		};
/* End PBXContainerItemProxy section */

/* Begin PBXFileReference section */
		AE3D7A49185B4CAB00637E4C /* TableDemo.app */ = {isa = PBXFileReference; explicitFileType = wrapper.application; includeInIndex = 0; path = TableDemo.app; sourceTree = BUILT_PRODUCTS_DIR; };
		AE3D7A4C185B4CAB00637E4C /* Foundation.framework */ = {isa = PBXFileReference; lastKnownFileType = wrapper.framework; name = Foundation.framework; path = System/Library/Frameworks/Foundation.framework; sourceTree = SDKROOT; };
		AE3D7A4E185B4CAB00637E4C /* CoreGraphics.framework */ = {isa = PBXFileReference; lastKnownFileType = wrapper.framework; name = CoreGraphics.framework; path = System/Library/Frameworks/CoreGraphics.framework; sourceTree = SDKROOT; };
		AE3D7A50185B4CAB00637E4C /* UIKit.framework */ = {isa = PBXFileReference; lastKnownFileType = wrapper.framework; name = UIKit.framework; path = System/Library/Frameworks/UIKit.framework; sourceTree = SDKROOT; };
		AE3D7A54185B4CAB00637E4C /* TableDemo-Info.plist */ = {isa = PBXFileReference; lastKnownFileType = text.plist.xml; path = "TableDemo-Info.plist"; sourceTree = "<group>"; };
		AE3D7A56185B4CAB00637E4C /* en */ = {isa = PBXFileReference; lastKnownFileType = text.plist.strings; name = en; path = en.lproj/InfoPlist.strings; sourceTree = "<group>"; };
		AE3D7A58185B4CAB00637E4C /* main.m */ = {isa = PBXFileReference; lastKnownFileType = sourcecode.c.objc; path = main.m; sourceTree = "<group>"; };
		AE3D7A5A185B4CAB00637E4C /* TableDemo-Prefix.pch */ = {isa = PBXFileReference; lastKnownFileType = sourcecode.c.h; path = "TableDemo-Prefix.pch"; sourceTree = "<group>"; };
		AE3D7A5B185B4CAB00637E4C /* TSWAppDelegate.h */ = {isa = PBXFileReference; lastKnownFileType = sourcecode.c.h; path = TSWAppDelegate.h; sourceTree = "<group>"; };
		AE3D7A5C185B4CAB00637E4C /* TSWAppDelegate.m */ = {isa = PBXFileReference; lastKnownFileType = sourcecode.c.objc; path = TSWAppDelegate.m; sourceTree = "<group>"; };
		AE3D7A5F185B4CAB00637E4C /* Base */ = {isa = PBXFileReference; lastKnownFileType = file.storyboard; name = Base; path = Base.lproj/Main.storyboard; sourceTree = "<group>"; };
		AE3D7A61185B4CAB00637E4C /* TSWViewController.h */ = {isa = PBXFileReference; lastKnownFileType = sourcecode.c.h; path = TSWViewController.h; sourceTree = "<group>"; };
		AE3D7A62185B4CAB00637E4C /* TSWViewController.m */ = {isa = PBXFileReference; lastKnownFileType = sourcecode.c.objc; path = TSWViewController.m; sourceTree = "<group>"; };
		AE3D7A64185B4CAB00637E4C /* Images.xcassets */ = {isa = PBXFileReference; lastKnownFileType = folder.assetcatalog; path = Images.xcassets; sourceTree = "<group>"; };
		AE3D7A6A185B4CAB00637E4C /* TableDemoTests.xctest */ = {isa = PBXFileReference; explicitFileType = wrapper.cfbundle; includeInIndex = 0; path = TableDemoTests.xctest; sourceTree = BUILT_PRODUCTS_DIR; };
		AE3D7A6B185B4CAB00637E4C /* XCTest.framework */ = {isa = PBXFileReference; lastKnownFileType = wrapper.framework; name = XCTest.framework; path = Library/Frameworks/XCTest.framework; sourceTree = DEVELOPER_DIR; };
		AE3D7A73185B4CAB00637E4C /* TableDemoTests-Info.plist */ = {isa = PBXFileReference; lastKnownFileType = text.plist.xml; path = "TableDemoTests-Info.plist"; sourceTree = "<group>"; };
		AE3D7A75185B4CAB00637E4C /* en */ = {isa = PBXFileReference; lastKnownFileType = text.plist.strings; name = en; path = en.lproj/InfoPlist.strings; sourceTree = "<group>"; };
		AE3D7A77185B4CAB00637E4C /* TableDemoTests.m */ = {isa = PBXFileReference; lastKnownFileType = sourcecode.c.objc; path = TableDemoTests.m; sourceTree = "<group>"; };
/* End PBXFileReference section */

/* Begin PBXFrameworksBuildPhase section */
		AE3D7A46185B4CAB00637E4C /* Frameworks */ = {
			isa = PBXFrameworksBuildPhase;
			buildActionMask = 2147483647;
			files = (
				AE3D7A4F185B4CAB00637E4C /* CoreGraphics.framework in Frameworks */,
				AE3D7A51185B4CAB00637E4C /* UIKit.framework in Frameworks */,
				AE3D7A4D185B4CAB00637E4C /* Foundation.framework in Frameworks */,
			);
			runOnlyForDeploymentPostprocessing = 0;
		};
		AE3D7A67185B4CAB00637E4C /* Frameworks */ = {
			isa = PBXFrameworksBuildPhase;
			buildActionMask = 2147483647;
			files = (
				AE3D7A6C185B4CAB00637E4C /* XCTest.framework in Frameworks */,
				AE3D7A6E185B4CAB00637E4C /* UIKit.framework in Frameworks */,
				AE3D7A6D185B4CAB00637E4C /* Foundation.framework in Frameworks */,
			);
			runOnlyForDeploymentPostprocessing = 0;
		};
/* End PBXFrameworksBuildPhase section */

/* Begin PBXGroup section */
		AE3D7A40185B4CAB00637E4C = {
			isa = PBXGroup;
			children = (
				AE3D7A52185B4CAB00637E4C /* TableDemo */,
				AE3D7A71185B4CAB00637E4C /* TableDemoTests */,
				AE3D7A4B185B4CAB00637E4C /* Frameworks */,
				AE3D7A4A185B4CAB00637E4C /* Products */,
			);
			sourceTree = "<group>";
		};
		AE3D7A4A185B4CAB00637E4C /* Products */ = {
			isa = PBXGroup;
			children = (
				AE3D7A49185B4CAB00637E4C /* TableDemo.app */,
				AE3D7A6A185B4CAB00637E4C /* TableDemoTests.xctest */,
			);
			name = Products;
			sourceTree = "<group>";
		};
		AE3D7A4B185B4CAB00637E4C /* Frameworks */ = {
			isa = PBXGroup;
			children = (
				AE3D7A4C185B4CAB00637E4C /* Foundation.framework */,
				AE3D7A4E185B4CAB00637E4C /* CoreGraphics.framework */,
				AE3D7A50185B4CAB00637E4C /* UIKit.framework */,
				AE3D7A6B185B4CAB00637E4C /* XCTest.framework */,
			);
			name = Frameworks;
			sourceTree = "<group>";
		};
		AE3D7A52185B4CAB00637E4C /* TableDemo */ = {
			isa = PBXGroup;
			children = (
				AE3D7A5B185B4CAB00637E4C /* TSWAppDelegate.h */,
				AE3D7A5C185B4CAB00637E4C /* TSWAppDelegate.m */,
				AE3D7A5E185B4CAB00637E4C /* Main.storyboard */,
				AE3D7A61185B4CAB00637E4C /* TSWViewController.h */,
				AE3D7A62185B4CAB00637E4C /* TSWViewController.m */,
				AE3D7A64185B4CAB00637E4C /* Images.xcassets */,
				AE3D7A53185B4CAB00637E4C /* Supporting Files */,
			);
			path = TableDemo;
			sourceTree = "<group>";
		};
		AE3D7A53185B4CAB00637E4C /* Supporting Files */ = {
			isa = PBXGroup;
			children = (
				AE3D7A54185B4CAB00637E4C /* TableDemo-Info.plist */,
				AE3D7A55185B4CAB00637E4C /* InfoPlist.strings */,
				AE3D7A58185B4CAB00637E4C /* main.m */,
				AE3D7A5A185B4CAB00637E4C /* TableDemo-Prefix.pch */,
			);
			name = "Supporting Files";
			sourceTree = "<group>";
		};
		AE3D7A71185B4CAB00637E4C /* TableDemoTests */ = {
			isa = PBXGroup;
			children = (
				AE3D7A77185B4CAB00637E4C /* TableDemoTests.m */,
				AE3D7A72185B4CAB00637E4C /* Supporting Files */,
			);
			path = TableDemoTests;
			sourceTree = "<group>";
		};
		AE3D7A72185B4CAB00637E4C /* Supporting Files */ = {
			isa = PBXGroup;
			children = (
				AE3D7A73185B4CAB00637E4C /* TableDemoTests-Info.plist */,
				AE3D7A74185B4CAB00637E4C /* InfoPlist.strings */,
			);
			name = "Supporting Files";
			sourceTree = "<group>";
		};
/* End PBXGroup section */

/* Begin PBXNativeTarget section */
		AE3D7A48185B4CAB00637E4C /* TableDemo */ = {
			isa = PBXNativeTarget;
			buildConfigurationList = AE3D7A7B185B4CAB00637E4C /* Build configuration list for PBXNativeTarget "TableDemo" */;
			buildPhases = (
				AE3D7A45185B4CAB00637E4C /* Sources */,
				AE3D7A46185B4CAB00637E4C /* Frameworks */,
				AE3D7A47185B4CAB00637E4C /* Resources */,
			);
			buildRules = (
			);
			dependencies = (
			);
			name = TableDemo;
			productName = TableDemo;
			productReference = AE3D7A49185B4CAB00637E4C /* TableDemo.app */;
			productType = "com.apple.product-type.application";
		};
		AE3D7A69185B4CAB00637E4C /* TableDemoTests */ = {
			isa = PBXNativeTarget;
			buildConfigurationList = AE3D7A7E185B4CAB00637E4C /* Build configuration list for PBXNativeTarget "TableDemoTests" */;
			buildPhases = (
				AE3D7A66185B4CAB00637E4C /* Sources */,
				AE3D7A67185B4CAB00637E4C /* Frameworks */,
				AE3D7A68185B4CAB00637E4C /* Resources */,
			);
			buildRules = (
			);
			dependencies = (
				AE3D7A70185B4CAB00637E4C /* PBXTargetDependency */,
			);
			name = TableDemoTests;
			productName = TableDemoTests;
			productReference = AE3D7A6A185B4CAB00637E4C /* TableDemoTests.xctest */;
			productType = "com.apple.product-type.bundle.unit-test";
		};
/* End PBXNativeTarget section */

/* Begin PBXProject section */
		AE3D7A41185B4CAB00637E4C /* Project object */ = {
			isa = PBXProject;
			attributes = {
				CLASSPREFIX = TSW;
				LastUpgradeCheck = 0500;
				ORGANIZATIONNAME = 27Walnut;
				TargetAttributes = {
					AE3D7A69185B4CAB00637E4C = {
						TestTargetID = AE3D7A48185B4CAB00637E4C;
					};
				};
			};
			buildConfigurationList = AE3D7A44185B4CAB00637E4C /* Build configuration list for PBXProject "TableDemo" */;
			compatibilityVersion = "Xcode 3.2";
			developmentRegion = English;
			hasScannedForEncodings = 0;
			knownRegions = (
				en,
				Base,
			);
			mainGroup = AE3D7A40185B4CAB00637E4C;
			productRefGroup = AE3D7A4A185B4CAB00637E4C /* Products */;
			projectDirPath = "";
			projectRoot = "";
			targets = (
				AE3D7A48185B4CAB00637E4C /* TableDemo */,
				AE3D7A69185B4CAB00637E4C /* TableDemoTests */,
			);
		};
/* End PBXProject section */

/* Begin PBXResourcesBuildPhase section */
		AE3D7A47185B4CAB00637E4C /* Resources */ = {
			isa = PBXResourcesBuildPhase;
			buildActionMask = 2147483647;
			files = (
				AE3D7A65185B4CAB00637E4C /* Images.xcassets in Resources */,
				AE3D7A57185B4CAB00637E4C /* InfoPlist.strings in Resources */,
				AE3D7A60185B4CAB00637E4C /* Main.storyboard in Resources */,
			);
			runOnlyForDeploymentPostprocessing = 0;
		};
		AE3D7A68185B4CAB00637E4C /* Resources */ = {
			isa = PBXResourcesBuildPhase;
			buildActionMask = 2147483647;
			files = (
				AE3D7A76185B4CAB00637E4C /* InfoPlist.strings in Resources */,
			);
			runOnlyForDeploymentPostprocessing = 0;
		};
/* End PBXResourcesBuildPhase section */

/* Begin PBXSourcesBuildPhase section */
		AE3D7A45185B4CAB00637E4C /* Sources */ = {
			isa = PBXSourcesBuildPhase;
			buildActionMask = 2147483647;
			files = (
				AE3D7A59185B4CAB00637E4C /* main.m in Sources */,
				AE3D7A5D185B4CAB00637E4C /* TSWAppDelegate.m in Sources */,
				AE3D7A63185B4CAB00637E4C /* TSWViewController.m in Sources */,
			);
			runOnlyForDeploymentPostprocessing = 0;
		};
		AE3D7A66185B4CAB00637E4C /* Sources */ = {
			isa = PBXSourcesBuildPhase;
			buildActionMask = 2147483647;
			files = (
				AE3D7A78185B4CAB00637E4C /* TableDemoTests.m in Sources */,
			);
			runOnlyForDeploymentPostprocessing = 0;
		};
/* End PBXSourcesBuildPhase section */

/* Begin PBXTargetDependency section */
		AE3D7A70185B4CAB00637E4C /* PBXTargetDependency */ = {
			isa = PBXTargetDependency;
			target = AE3D7A48185B4CAB00637E4C /* TableDemo */;
			targetProxy = AE3D7A6F185B4CAB00637E4C /* PBXContainerItemProxy */;
		};
/* End PBXTargetDependency section */

/* Begin PBXVariantGroup section */
		AE3D7A55185B4CAB00637E4C /* InfoPlist.strings */ = {
			isa = PBXVariantGroup;
			children = (
				AE3D7A56185B4CAB00637E4C /* en */,
			);
			name = InfoPlist.strings;
			sourceTree = "<group>";
		};
		AE3D7A5E185B4CAB00637E4C /* Main.storyboard */ = {
			isa = PBXVariantGroup;
			children = (
				AE3D7A5F185B4CAB00637E4C /* Base */,
			);
			name = Main.storyboard;
			sourceTree = "<group>";
		};
		AE3D7A74185B4CAB00637E4C /* InfoPlist.strings */ = {
			isa = PBXVariantGroup;
			children = (
				AE3D7A75185B4CAB00637E4C /* en */,
			);
			name = InfoPlist.strings;
			sourceTree = "<group>";
		};
/* End PBXVariantGroup section */

/* Begin XCBuildConfiguration section */
		AE3D7A79185B4CAB00637E4C /* Debug */ = {
			isa = XCBuildConfiguration;
			buildSettings = {
				ALWAYS_SEARCH_USER_PATHS = NO;
				ARCHS = "$(ARCHS_STANDARD_INCLUDING_64_BIT)";
				CLANG_CXX_LANGUAGE_STANDARD = "gnu++0x";
				CLANG_CXX_LIBRARY = "libc++";
				CLANG_ENABLE_MODULES = YES;
				CLANG_ENABLE_OBJC_ARC = YES;
				CLANG_WARN_BOOL_CONVERSION = YES;
				CLANG_WARN_CONSTANT_CONVERSION = YES;
				CLANG_WARN_DIRECT_OBJC_ISA_USAGE = YES_ERROR;
				CLANG_WARN_EMPTY_BODY = YES;
				CLANG_WARN_ENUM_CONVERSION = YES;
				CLANG_WARN_INT_CONVERSION = YES;
				CLANG_WARN_OBJC_ROOT_CLASS = YES_ERROR;
				CLANG_WARN__DUPLICATE_METHOD_MATCH = YES;
				"CODE_SIGN_IDENTITY[sdk=iphoneos*]" = "iPhone Developer";
				COPY_PHASE_STRIP = NO;
				GCC_C_LANGUAGE_STANDARD = gnu99;
				GCC_DYNAMIC_NO_PIC = NO;
				GCC_OPTIMIZATION_LEVEL = 0;
				GCC_PREPROCESSOR_DEFINITIONS = (
					"DEBUG=1",
					"$(inherited)",
				);
				GCC_SYMBOLS_PRIVATE_EXTERN = NO;
				GCC_WARN_64_TO_32_BIT_CONVERSION = YES;
				GCC_WARN_ABOUT_RETURN_TYPE = YES_ERROR;
				GCC_WARN_UNDECLARED_SELECTOR = YES;
				GCC_WARN_UNINITIALIZED_AUTOS = YES;
				GCC_WARN_UNUSED_FUNCTION = YES;
				GCC_WARN_UNUSED_VARIABLE = YES;
				IPHONEOS_DEPLOYMENT_TARGET = 7.0;
				ONLY_ACTIVE_ARCH = YES;
				SDKROOT = iphoneos;
			};
			name = Debug;
		};
		AE3D7A7A185B4CAB00637E4C /* Release */ = {
			isa = XCBuildConfiguration;
			buildSettings = {
				ALWAYS_SEARCH_USER_PATHS = NO;
				ARCHS = "$(ARCHS_STANDARD_INCLUDING_64_BIT)";
				CLANG_CXX_LANGUAGE_STANDARD = "gnu++0x";
				CLANG_CXX_LIBRARY = "libc++";
				CLANG_ENABLE_MODULES = YES;
				CLANG_ENABLE_OBJC_ARC = YES;
				CLANG_WARN_BOOL_CONVERSION = YES;
				CLANG_WARN_CONSTANT_CONVERSION = YES;
				CLANG_WARN_DIRECT_OBJC_ISA_USAGE = YES_ERROR;
				CLANG_WARN_EMPTY_BODY = YES;
				CLANG_WARN_ENUM_CONVERSION = YES;
				CLANG_WARN_INT_CONVERSION = YES;
				CLANG_WARN_OBJC_ROOT_CLASS = YES_ERROR;
				CLANG_WARN__DUPLICATE_METHOD_MATCH = YES;
				"CODE_SIGN_IDENTITY[sdk=iphoneos*]" = "iPhone Developer";
				COPY_PHASE_STRIP = YES;
				ENABLE_NS_ASSERTIONS = NO;
				GCC_C_LANGUAGE_STANDARD = gnu99;
				GCC_WARN_64_TO_32_BIT_CONVERSION = YES;
				GCC_WARN_ABOUT_RETURN_TYPE = YES_ERROR;
				GCC_WARN_UNDECLARED_SELECTOR = YES;
				GCC_WARN_UNINITIALIZED_AUTOS = YES;
				GCC_WARN_UNUSED_FUNCTION = YES;
				GCC_WARN_UNUSED_VARIABLE = YES;
				IPHONEOS_DEPLOYMENT_TARGET = 7.0;
				SDKROOT = iphoneos;
				VALIDATE_PRODUCT = YES;
			};
			name = Release;
		};
		AE3D7A7C185B4CAB00637E4C /* Debug */ = {
			isa = XCBuildConfiguration;
			buildSettings = {
				ASSETCATALOG_COMPILER_APPICON_NAME = AppIcon;
				ASSETCATALOG_COMPILER_LAUNCHIMAGE_NAME = LaunchImage;
				GCC_PRECOMPILE_PREFIX_HEADER = YES;
				GCC_PREFIX_HEADER = "TableDemo/TableDemo-Prefix.pch";
				INFOPLIST_FILE = "TableDemo/TableDemo-Info.plist";
				PRODUCT_NAME = "$(TARGET_NAME)";
				WRAPPER_EXTENSION = app;
			};
			name = Debug;
		};
		AE3D7A7D185B4CAB00637E4C /* Release */ = {
			isa = XCBuildConfiguration;
			buildSettings = {
				ASSETCATALOG_COMPILER_APPICON_NAME = AppIcon;
				ASSETCATALOG_COMPILER_LAUNCHIMAGE_NAME = LaunchImage;
				GCC_PRECOMPILE_PREFIX_HEADER = YES;
				GCC_PREFIX_HEADER = "TableDemo/TableDemo-Prefix.pch";
				INFOPLIST_FILE = "TableDemo/TableDemo-Info.plist";
				PRODUCT_NAME = "$(TARGET_NAME)";
				WRAPPER_EXTENSION = app;
			};
			name = Release;
		};
		AE3D7A7F185B4CAB00637E4C /* Debug */ = {
			isa = XCBuildConfiguration;
			buildSettings = {
				ARCHS = "$(ARCHS_STANDARD_INCLUDING_64_BIT)";
				BUNDLE_LOADER = "$(BUILT_PRODUCTS_DIR)/TableDemo.app/TableDemo";
				FRAMEWORK_SEARCH_PATHS = (
					"$(SDKROOT)/Developer/Library/Frameworks",
					"$(inherited)",
					"$(DEVELOPER_FRAMEWORKS_DIR)",
				);
				GCC_PRECOMPILE_PREFIX_HEADER = YES;
				GCC_PREFIX_HEADER = "TableDemo/TableDemo-Prefix.pch";
				GCC_PREPROCESSOR_DEFINITIONS = (
					"DEBUG=1",
					"$(inherited)",
				);
				INFOPLIST_FILE = "TableDemoTests/TableDemoTests-Info.plist";
				PRODUCT_NAME = "$(TARGET_NAME)";
				TEST_HOST = "$(BUNDLE_LOADER)";
				WRAPPER_EXTENSION = xctest;
			};
			name = Debug;
		};
		AE3D7A80185B4CAB00637E4C /* Release */ = {
			isa = XCBuildConfiguration;
			buildSettings = {
				ARCHS = "$(ARCHS_STANDARD_INCLUDING_64_BIT)";
				BUNDLE_LOADER = "$(BUILT_PRODUCTS_DIR)/TableDemo.app/TableDemo";
				FRAMEWORK_SEARCH_PATHS = (
					"$(SDKROOT)/Developer/Library/Frameworks",
					"$(inherited)",
					"$(DEVELOPER_FRAMEWORKS_DIR)",
				);
				GCC_PRECOMPILE_PREFIX_HEADER = YES;
				GCC_PREFIX_HEADER = "TableDemo/TableDemo-Prefix.pch";
				INFOPLIST_FILE = "TableDemoTests/TableDemoTests-Info.plist";
				PRODUCT_NAME = "$(TARGET_NAME)";
				TEST_HOST = "$(BUNDLE_LOADER)";
				WRAPPER_EXTENSION = xctest;
			};
			name = Release;
		};
/* End XCBuildConfiguration section */

/* Begin XCConfigurationList section */
		AE3D7A44185B4CAB00637E4C /* Build configuration list for PBXProject "TableDemo" */ = {
			isa = XCConfigurationList;
			buildConfigurations = (
				AE3D7A79185B4CAB00637E4C /* Debug */,
				AE3D7A7A185B4CAB00637E4C /* Release */,
			);
			defaultConfigurationIsVisible = 0;
			defaultConfigurationName = Release;
		};
		AE3D7A7B185B4CAB00637E4C /* Build configuration list for PBXNativeTarget "TableDemo" */ = {
			isa = XCConfigurationList;
			buildConfigurations = (
				AE3D7A7C185B4CAB00637E4C /* Debug */,
				AE3D7A7D185B4CAB00637E4C /* Release */,
			);
			defaultConfigurationIsVisible = 0;
		};
		AE3D7A7E185B4CAB00637E4C /* Build configuration list for PBXNativeTarget "TableDemoTests" */ = {
			isa = XCConfigurationList;
			buildConfigurations = (
				AE3D7A7F185B4CAB00637E4C /* Debug */,
				AE3D7A80185B4CAB00637E4C /* Release */,
			);
			defaultConfigurationIsVisible = 0;
		};
/* End XCConfigurationList section */
	};
	rootObject = AE3D7A41185B4CAB00637E4C /* Project object */;
}
